<?xml version="1.0" encoding="UTF-8" standalone="yes" ?>
<CodeBlocks_project_file>
	<FileVersion major="1" minor="6" />
	<Project>
		<Option title="pingpong" />
		<Option pch_mode="2" />
		<Option compiler="gcc" />
		<Build>
			<Target title="Debug">
				<Option output="bin/Debug/orca" prefix_auto="1" extension_auto="1" />
				<Option object_output="obj/Debug/" />
				<Option type="1" />
				<Option compiler="gcc" />
				<Compiler>
					<Add option="-g" />
				</Compiler>
			</Target>
			<Target title="Release">
				<Option output="bin/Release/orca" prefix_auto="1" extension_auto="1" />
				<Option object_output="obj/Release/" />
				<Option type="1" />
				<Option compiler="gcc" />
				<Compiler>
					<Add option="-O2" />
				</Compiler>
				<Linker>
					<Add option="-s" />
				</Linker>
			</Target>
		</Build>
		<Compiler>
			<Add option="-Wall" />
			<Add option="-std=c++11" />
			<Add directory="../../../uv-cpp/libuv1.30.0/include" />
			<Add directory="../../../src" />
		</Compiler>
		<Linker>
			<Add option="-pthread" />
			<Add library="../../../uv-cpp/libuv1.30.0/lib/gcc8.3.0/libuv.a" />
		</Linker>
		<Unit filename="../../../examples/pingpong/MessageType.h" />
		<Unit filename="../../../examples/pingpong/main.cpp" />
		<Unit filename="../../../src/orca/base/SpinLock/SpinLock.cpp" />
		<Unit filename="../../../src/orca/base/SpinLock/SpinLock.h" />
		<Unit filename="../../../src/orca/base/condition/Condition.cpp" />
		<Unit filename="../../../src/orca/base/condition/Condition.h" />
		<Unit filename="../../../src/orca/base/error/ErrorHandle.h" />
		<Unit filename="../../../src/orca/base/error/ErrorInfo.cpp" />
		<Unit filename="../../../src/orca/base/error/ErrorInfo.h" />
		<Unit filename="../../../src/orca/base/log/Log.h" />
		<Unit filename="../../../src/orca/base/queue/BlockQueue.h" />
		<Unit filename="../../../src/orca/base/thread/Thread.cpp" />
		<Unit filename="../../../src/orca/base/thread/Thread.h" />
		<Unit filename="../../../src/orca/base/thread/ThreadPool.cpp" />
		<Unit filename="../../../src/orca/base/thread/ThreadPool.h" />
		<Unit filename="../../../src/orca/core/Actor.h" />
		<Unit filename="../../../src/orca/core/Address.h" />
		<Unit filename="../../../src/orca/core/Assert.h" />
		<Unit filename="../../../src/orca/core/Define.h" />
		<Unit filename="../../../src/orca/core/EndPoint.h" />
		<Unit filename="../../../src/orca/core/Framework.h" />
		<Unit filename="../../../src/orca/core/Mail.h" />
		<Unit filename="../../../src/orca/core/MailBoxThread.cpp" />
		<Unit filename="../../../src/orca/core/MailBoxThread.h" />
		<Unit filename="../../../src/orca/core/Mailbox.h" />
		<Unit filename="../../../src/orca/core/MailboxCenter.h" />
		<Unit filename="../../../src/orca/core/MailboxPage.h" />
		<Unit filename="../../../src/orca/core/MessagePack.h" />
		<Unit filename="../../../src/orca/core/MessageTraits.h" />
		<Unit filename="../../../src/orca/core/RemoteMail.h" />
		<Unit filename="../../../src/orca/core/net/ActorClient.cpp" />
		<Unit filename="../../../src/orca/core/net/ActorClient.h" />
		<Unit filename="../../../src/orca/core/net/ActorServer.cpp" />
		<Unit filename="../../../src/orca/core/net/ActorServer.h" />
		<Unit filename="../../../src/orca/core/net/Protocol.h" />
		<Unit filename="../../../src/orca/core/net/TcpPacket.cpp" />
		<Unit filename="../../../src/orca/core/net/TcpPacket.h" />
		<Unit filename="../../../uv-cpp/uv/Async.cpp" />
		<Unit filename="../../../uv-cpp/uv/CycleBuffer.cpp" />
		<Unit filename="../../../uv-cpp/uv/DnsGet.cpp" />
		<Unit filename="../../../uv-cpp/uv/EventLoop.cpp" />
		<Unit filename="../../../uv-cpp/uv/GlobalConfig.cpp" />
		<Unit filename="../../../uv-cpp/uv/Idle.cpp" />
		<Unit filename="../../../uv-cpp/uv/ListBuffer.cpp" />
		<Unit filename="../../../uv-cpp/uv/LogWriter.cpp" />
		<Unit filename="../../../uv-cpp/uv/Packet.cpp" />
		<Unit filename="../../../uv-cpp/uv/Signal.cpp" />
		<Unit filename="../../../uv-cpp/uv/SocketAddr.cpp" />
		<Unit filename="../../../uv-cpp/uv/TcpAccepter.cpp" />
		<Unit filename="../../../uv-cpp/uv/TcpClient.cpp" />
		<Unit filename="../../../uv-cpp/uv/TcpConnection.cpp" />
		<Unit filename="../../../uv-cpp/uv/TcpServer.cpp" />
		<Unit filename="../../../uv-cpp/uv/Timer.cpp" />
		<Unit filename="../../../uv-cpp/uv/Udp.cpp" />
		<Unit filename="../../../uv-cpp/uv/http/HttpClient.cpp" />
		<Unit filename="../../../uv-cpp/uv/http/HttpCommon.cpp" />
		<Unit filename="../../../uv-cpp/uv/http/HttpServer.cpp" />
		<Unit filename="../../../uv-cpp/uv/http/Request.cpp" />
		<Unit filename="../../../uv-cpp/uv/http/Response.cpp" />
		<Extensions>
			<code_completion />
			<debugger />
			<envvars />
		</Extensions>
	</Project>
</CodeBlocks_project_file>
